[[package]]
name = "bleak"
version = "0.14.2"
description = "Bluetooth Low Energy platform Agnostic Klient"
category = "main"
optional = false
python-versions = "*"

[package.dependencies]
bleak-winrt = { version = ">=1.1.1", markers = "platform_system == \"Windows\"" }
dbus-next = { version = "*", markers = "platform_system == \"Linux\"" }
pyobjc-core = { version = "*", markers = "platform_system == \"Darwin\"" }
pyobjc-framework-CoreBluetooth = { version = "*", markers = "platform_system == \"Darwin\"" }
pyobjc-framework-libdispatch = { version = "*", markers = "platform_system == \"Darwin\"" }

[[package]]
name = "bleak-winrt"
version = "1.1.1"
description = "Python WinRT bindings for Bleak"
category = "main"
optional = false
python-versions = "*"

[[package]]
name = "certifi"
version = "2021.10.8"
description = "Python package for providing Mozilla's CA Bundle."
category = "main"
optional = false
python-versions = "*"

[[package]]
name = "charset-normalizer"
version = "2.0.12"
description = "The Real First Universal Charset Detector. Open, modern and actively maintained alternative to Chardet."
category = "main"
optional = false
python-versions = ">=3.5.0"

[package.extras]
unicode_backport = ["unicodedata2"]

[[package]]
name = "dbus-next"
version = "0.2.3"
description = "A zero-dependency DBus library for Python with asyncio support"
category = "main"
optional = false
python-versions = ">=3.6.0"

[[package]]
name = "ephem"
version = "4.1.3"
description = "Compute positions of the planets and stars"
category = "main"
optional = false
python-versions = "*"

[[package]]
name = "idna"
version = "3.3"
description = "Internationalized Domain Names in Applications (IDNA)"
category = "main"
optional = false
python-versions = ">=3.5"

[[package]]
name = "numpy"
version = "1.22.3"
description = "NumPy is the fundamental package for array computing with Python."
category = "main"
optional = false
python-versions = ">=3.8"

[[package]]
name = "pillow"
version = "9.1.0"
description = "Python Imaging Library (Fork)"
category = "main"
optional = false
python-versions = ">=3.7"

[package.extras]
docs = ["olefile", "sphinx (>=2.4)", "sphinx-copybutton", "sphinx-issues (>=3.0.1)", "sphinx-removed-in", "sphinx-rtd-theme (>=1.0)", "sphinxext-opengraph"]
tests = ["check-manifest", "coverage", "defusedxml", "markdown2", "olefile", "packaging", "pyroma", "pytest", "pytest-cov", "pytest-timeout"]

[[package]]
name = "pylunar"
version = "0.6.0"
description = "Information for completing the Astronomical League's Lunar and Lunar II observing programs."
category = "main"
optional = false
python-versions = "*"
develop = false

[package.dependencies]
ephem = "*"
pytz = "*"

[package.source]
type = "git"
url = "https://github.com/noblecloud/pylunar.git"
reference = "master"
resolved_reference = "2e18530c4120ba8210844736fffe8f87e7c8f27e"

[[package]]
name = "pyobjc-core"
version = "8.4.1"
description = "Python<->ObjC Interoperability Module"
category = "main"
optional = false
python-versions = ">=3.6"

[[package]]
name = "pyobjc-framework-cocoa"
version = "8.4.1"
description = "Wrappers for the Cocoa frameworks on macOS"
category = "main"
optional = false
python-versions = ">=3.6"

[package.dependencies]
pyobjc-core = ">=8.4.1"

[[package]]
name = "pyobjc-framework-corebluetooth"
version = "8.4.1"
description = "Wrappers for the framework CoreBluetooth on macOS"
category = "main"
optional = false
python-versions = ">=3.6"

[package.dependencies]
pyobjc-core = ">=8.4.1"
pyobjc-framework-Cocoa = ">=8.4.1"

[[package]]
name = "pyobjc-framework-libdispatch"
version = "8.4.1"
description = "Wrappers for libdispatch on macOS"
category = "main"
optional = false
python-versions = ">=3.6"

[package.dependencies]
pyobjc-core = ">=8.4.1"

[[package]]
name = "pyside2"
version = "5.15.2.1"
description = "Python bindings for the Qt cross-platform application and UI framework"
category = "main"
optional = false
python-versions = ">=2.7, !=3.0.*, !=3.1.*, !=3.2.*, !=3.3.*, !=3.4.*, <3.11"

[package.dependencies]
shiboken2 = "5.15.2.1"

[[package]]
name = "pyside6"
version = "6.2.4"
description = "Python bindings for the Qt cross-platform application and UI framework"
category = "main"
optional = false
python-versions = ">=3.6, <3.11"

[package.dependencies]
shiboken6 = "6.2.4"

[[package]]
name = "pysolar"
version = "0.10"
description = "Collection of Python libraries for simulating the irradiation of any point on earth by the sun"
category = "main"
optional = false
python-versions = "*"

[[package]]
name = "python-dateutil"
version = "2.8.2"
description = "Extensions to the standard Python datetime module"
category = "main"
optional = false
python-versions = "!=3.0.*,!=3.1.*,!=3.2.*,>=2.7"

[package.dependencies]
six = ">=1.5"

[[package]]
name = "pytz"
version = "2022.1"
description = "World timezone definitions, modern and historical"
category = "main"
optional = false
python-versions = "*"

[[package]]
name = "pyyaml"
version = "6.0"
description = "YAML parser and emitter for Python"
category = "main"
optional = false
python-versions = ">=3.6"

[[package]]
name = "qasync"
version = "0.23.0"
description = "Implementation of the PEP 3156 Event-Loop with Qt."
category = "main"
optional = false
python-versions = "~=3.6"

[[package]]
name = "requests"
version = "2.27.1"
description = "Python HTTP for Humans."
category = "main"
optional = false
python-versions = ">=2.7, !=3.0.*, !=3.1.*, !=3.2.*, !=3.3.*, !=3.4.*, !=3.5.*"

[package.dependencies]
certifi = ">=2017.4.17"
charset-normalizer = { version = ">=2.0.0,<2.1.0", markers = "python_version >= \"3\"" }
idna = { version = ">=2.5,<4", markers = "python_version >= \"3\"" }
urllib3 = ">=1.21.1,<1.27"

[package.extras]
socks = ["PySocks (>=1.5.6,!=1.5.7)", "win-inet-pton"]
use_chardet_on_py3 = ["chardet (>=3.0.2,<5)"]

[[package]]
name = "scipy"
version = "1.8.0"
description = "SciPy: Scientific Library for Python"
category = "main"
optional = false
python-versions = ">=3.8,<3.11"

[package.dependencies]
numpy = ">=1.17.3,<1.25.0"

[[package]]
name = "shiboken2"
version = "5.15.2.1"
description = "Python / C++ bindings helper module"
category = "main"
optional = false
python-versions = ">=2.7, !=3.0.*, !=3.1.*, !=3.2.*, !=3.3.*, !=3.4.*, <3.11"

[[package]]
name = "shiboken6"
version = "6.2.4"
description = "Python / C++ bindings helper module"
category = "main"
optional = false
python-versions = ">=3.6, <3.11"

[[package]]
name = "six"
version = "1.16.0"
description = "Python 2 and 3 compatibility utilities"
category = "main"
optional = false
python-versions = ">=2.7, !=3.0.*, !=3.1.*, !=3.2.*"

[[package]]
name = "urllib3"
version = "1.26.9"
description = "HTTP library with thread-safe connection pooling, file post, and more."
category = "main"
optional = false
python-versions = ">=2.7, !=3.0.*, !=3.1.*, !=3.2.*, !=3.3.*, !=3.4.*, <4"

[package.extras]
brotli = ["brotlicffi (>=0.8.0)", "brotli (>=1.0.9)", "brotlipy (>=0.6.0)"]
secure = ["pyOpenSSL (>=0.14)", "cryptography (>=1.3.4)", "idna (>=2.0.0)", "certifi", "ipaddress"]
socks = ["PySocks (>=1.5.6,!=1.5.7,<2.0)"]

[[package]]
name = "WeatherUnits"
version = "0.4"
description = "Easy conversion for common weather units"
category = "main"
optional = false
python-versions = ">=3.7"

[package.source]
type = "file"
url = "req/WeatherUnits-0.4-py2.py3-none-any.whl"

[metadata]
lock-version = "1.1"
python-versions = ">=3.10,<3.11"
content-hash = "82bef5b4b9e990274f00ace132f86e988ff354607550aef176e54aa17c4c307f"

[metadata.files]
bleak = [
	{ file = "bleak-0.14.2-py2.py3-none-any.whl", hash = "sha256:48cee8151ec505e02d13330db369b4b78e39dd66e0629e7a1c3d9277e57ac791" },
	{ file = "bleak-0.14.2.tar.gz", hash = "sha256:d04cedcfee67b46c5d1b09072478e102dc32617e1bb55655c457254d0a4678ba" },
]
bleak-winrt = [
	{ file = "bleak-winrt-1.1.1.tar.gz", hash = "sha256:3e7765f98d71b5229d95bd3b197931994dead40f3144e7186de7b8f664e26df0" },
	{ file = "bleak_winrt-1.1.1-cp310-cp310-win32.whl", hash = "sha256:f1ab6641cfdadce69126b459c5d30f1a934384bc0c37632393163eea3c94d7a8" },
	{ file = "bleak_winrt-1.1.1-cp310-cp310-win_amd64.whl", hash = "sha256:79a87c7fcc99838bf7f71765e855a74a80e085c4aedde14d0931d56a9f87be77" },
	{ file = "bleak_winrt-1.1.1-cp37-cp37m-win32.whl", hash = "sha256:1cf652fe38822216c093d4322b9899f54bff3169c4fc48ee8dd10bc1938ec59c" },
	{ file = "bleak_winrt-1.1.1-cp37-cp37m-win_amd64.whl", hash = "sha256:09b64b9b768dfa3abab16e67f7e0d476a0e9d86da2975a2487e033ce2be96663" },
	{ file = "bleak_winrt-1.1.1-cp38-cp38-win32.whl", hash = "sha256:1c4a9ee0c3195d07a3fd8f994953075443563c2c5c8e608cd09f3d0eaac540ed" },
	{ file = "bleak_winrt-1.1.1-cp38-cp38-win_amd64.whl", hash = "sha256:e75b8d5aad3169bd528be9ccbacb775fb0d07f1714ca93b1efa6687c47a1b755" },
	{ file = "bleak_winrt-1.1.1-cp39-cp39-win32.whl", hash = "sha256:e0da28651f8e83aaaea4113d084880f1fafae75c29c2a70429ae1f0b8681dc52" },
	{ file = "bleak_winrt-1.1.1-cp39-cp39-win_amd64.whl", hash = "sha256:7481aed7d17e8c2aa2bf9e3786206e382f710f516e00887d825df1b7a4c613d5" },
]
certifi = [
	{ file = "certifi-2021.10.8-py2.py3-none-any.whl", hash = "sha256:d62a0163eb4c2344ac042ab2bdf75399a71a2d8c7d47eac2e2ee91b9d6339569" },
	{ file = "certifi-2021.10.8.tar.gz", hash = "sha256:78884e7c1d4b00ce3cea67b44566851c4343c120abd683433ce934a68ea58872" },
]
charset-normalizer = [
	{ file = "charset-normalizer-2.0.12.tar.gz", hash = "sha256:2857e29ff0d34db842cd7ca3230549d1a697f96ee6d3fb071cfa6c7393832597" },
	{ file = "charset_normalizer-2.0.12-py3-none-any.whl", hash = "sha256:6881edbebdb17b39b4eaaa821b438bf6eddffb4468cf344f09f89def34a8b1df" },
]
dbus-next = [
	{ file = "dbus_next-0.2.3-py3-none-any.whl", hash = "sha256:58948f9aff9db08316734c0be2a120f6dc502124d9642f55e90ac82ffb16a18b" },
	{ file = "dbus_next-0.2.3.tar.gz", hash = "sha256:f4eae26909332ada528c0a3549dda8d4f088f9b365153952a408e28023a626a5" },
]
ephem = [
	{ file = "ephem-4.1.3-cp310-cp310-macosx_10_9_x86_64.whl", hash = "sha256:0dc6e240cacd65820ec39687233d7de1cfd1ff3bf83fd62337831c201cd80d47" },
	{ file = "ephem-4.1.3-cp310-cp310-manylinux_2_12_i686.manylinux2010_i686.manylinux_2_17_i686.manylinux2014_i686.whl", hash = "sha256:cf65bfd4753f2aacf5caa1c5b8bcba276b03cb59f13e9f2d9850c93efaf47fa7" },
	{ file = "ephem-4.1.3-cp310-cp310-manylinux_2_17_aarch64.manylinux2014_aarch64.whl", hash = "sha256:b704b2a53a216903bd852aa8c91ffeaa2cd854632d7f4bdd49b52f81b3508906" },
	{ file = "ephem-4.1.3-cp310-cp310-manylinux_2_17_s390x.manylinux2014_s390x.whl", hash = "sha256:15172e06381dd49ebbc9bc0987c6fa1f0a36eaac082d28d3a63dd53c5f208d54" },
	{ file = "ephem-4.1.3-cp310-cp310-manylinux_2_17_x86_64.manylinux2014_x86_64.whl", hash = "sha256:bba82fe6eb26f69992aab20b410079ea976c926cc27b8708695e2932a152e6d3" },
	{ file = "ephem-4.1.3-cp310-cp310-musllinux_1_1_aarch64.whl", hash = "sha256:f00626299ba57ca7601095b24f1ca14f13fed4fed96f7bebeb919db836ebe600" },
	{ file = "ephem-4.1.3-cp310-cp310-musllinux_1_1_i686.whl", hash = "sha256:1cb62859e0b8ea9c4285572a457fdfeffd16345721e97e3320af6b076d0efe32" },
	{ file = "ephem-4.1.3-cp310-cp310-musllinux_1_1_s390x.whl", hash = "sha256:4b0293f478670ba42980b1e2b5d29cc7abea6ac89cfe86467732a988d7a8349b" },
	{ file = "ephem-4.1.3-cp310-cp310-musllinux_1_1_x86_64.whl", hash = "sha256:ad727401c249a51d168c8eb21fe689a4a48aff9bd73b30be9b50d96de8b1936d" },
	{ file = "ephem-4.1.3-cp310-cp310-win32.whl", hash = "sha256:785867b1687332690f457e55b5a7adeb1c6dc4418283cb8821f3099d042916dc" },
	{ file = "ephem-4.1.3-cp310-cp310-win_amd64.whl", hash = "sha256:f0bf84810c9a81a23e5640373f3a5028b75a5e3f3c4834de1488664df4bde5f5" },
	{ file = "ephem-4.1.3-cp36-cp36m-macosx_10_9_x86_64.whl", hash = "sha256:beabe324957356b1b456301e5e1f7819b20ddf4e60dbf8024d28a1fe75f81508" },
	{ file = "ephem-4.1.3-cp36-cp36m-manylinux_2_12_i686.manylinux2010_i686.manylinux_2_17_i686.manylinux2014_i686.whl", hash = "sha256:5035680a51ba2531ef6b9c9d35db17f692d0a752cb9ed2d36c6ae2df41db9207" },
	{ file = "ephem-4.1.3-cp36-cp36m-manylinux_2_17_aarch64.manylinux2014_aarch64.whl", hash = "sha256:63ab03db1050c6f8b8a358c4452f667f7c04719f07ad3583368c80871cbf6fe1" },
	{ file = "ephem-4.1.3-cp36-cp36m-manylinux_2_17_s390x.manylinux2014_s390x.whl", hash = "sha256:6f42e86df0cae3ca8e1c7c40e9b68da4c6472b22b8e5c8093e7e551077798b17" },
	{ file = "ephem-4.1.3-cp36-cp36m-manylinux_2_17_x86_64.manylinux2014_x86_64.whl", hash = "sha256:4adf44b083367f60aeedb2693aff0598b307321b8f3b20f1e6d7022d0f517a86" },
	{ file = "ephem-4.1.3-cp36-cp36m-musllinux_1_1_aarch64.whl", hash = "sha256:38fb1411e5d9e212b10b952bd3c0bba6c1e1b424d2c22507623cafd1ad5d1678" },
	{ file = "ephem-4.1.3-cp36-cp36m-musllinux_1_1_i686.whl", hash = "sha256:097c6e89ebc27fabc805e76b4e35282c71772bc97884597ffffcdb41c66642d0" },
	{ file = "ephem-4.1.3-cp36-cp36m-musllinux_1_1_s390x.whl", hash = "sha256:36196e8ee79f770493f3aaed4c7ed6d839950371a9199e90cd165d207c252731" },
	{ file = "ephem-4.1.3-cp36-cp36m-musllinux_1_1_x86_64.whl", hash = "sha256:4b442afd12eaa44e0b48c1a38b36da52e788fb12ae641fe766afcd63c432944a" },
	{ file = "ephem-4.1.3-cp36-cp36m-win32.whl", hash = "sha256:5ab539c12c96397047a64568152393a7b1ef8257d60874826c07e97d71d10366" },
	{ file = "ephem-4.1.3-cp36-cp36m-win_amd64.whl", hash = "sha256:c7120cc6044772d7c8d5d199c95aad6ac0d77fa193d7472c36c5d424471d6ff1" },
	{ file = "ephem-4.1.3-cp37-cp37m-macosx_10_9_x86_64.whl", hash = "sha256:6981fcea704bb5a4748bcc081708e35be3a001759ca2bfda4415452cb03796da" },
	{ file = "ephem-4.1.3-cp37-cp37m-manylinux_2_12_i686.manylinux2010_i686.manylinux_2_17_i686.manylinux2014_i686.whl", hash = "sha256:2b332fdb1e5af07a4389135660baee89de8093e6d527155cfc5c79a60081102d" },
	{ file = "ephem-4.1.3-cp37-cp37m-manylinux_2_17_aarch64.manylinux2014_aarch64.whl", hash = "sha256:a76d5328b41f1f44627027adb90a5a094d5d734df2ce8d572a3bcc08662ec27c" },
	{ file = "ephem-4.1.3-cp37-cp37m-manylinux_2_17_s390x.manylinux2014_s390x.whl", hash = "sha256:7f93b3b4fb04d8bfe8da8e1610d4a2a0e55d5d6ebc75f570cbe8d0f2af16c8cd" },
	{ file = "ephem-4.1.3-cp37-cp37m-manylinux_2_17_x86_64.manylinux2014_x86_64.whl", hash = "sha256:9cae55cd50b8a996fc25c2c24ed9755d4ddf5c6adc4215b2887b146db2c83334" },
	{ file = "ephem-4.1.3-cp37-cp37m-musllinux_1_1_aarch64.whl", hash = "sha256:11cfd78f79dbeccb7173cb7c56bc2ae05ecaab06f3eaa56856f823ceac6fbbb1" },
	{ file = "ephem-4.1.3-cp37-cp37m-musllinux_1_1_i686.whl", hash = "sha256:24b6935cfacc45edd341fea9d91d23d6308d7170d89c14208a8092e2118124f3" },
	{ file = "ephem-4.1.3-cp37-cp37m-musllinux_1_1_s390x.whl", hash = "sha256:8119a645394d8ba70db330fcd2f21f7c33fd11268792fb58a44a358f9a964741" },
	{ file = "ephem-4.1.3-cp37-cp37m-musllinux_1_1_x86_64.whl", hash = "sha256:451ebe0d54a266aacafdfda5ed86e77e94a3fd4d4ebe98cb30c0b8cad3f10119" },
	{ file = "ephem-4.1.3-cp37-cp37m-win32.whl", hash = "sha256:fbf558b4d70991f2a38c80d30b2a0209d0d0b02eed6b1522668f3206e224959a" },
	{ file = "ephem-4.1.3-cp37-cp37m-win_amd64.whl", hash = "sha256:75f46b2356ebaaaf6ffcadd3f91872429397090573313207446ac759a2b6b3f4" },
	{ file = "ephem-4.1.3-cp38-cp38-macosx_10_9_x86_64.whl", hash = "sha256:e5773f39c15c3c5787279a6bccb329366ae61157057aab1d16e4184bb9c03510" },
	{ file = "ephem-4.1.3-cp38-cp38-manylinux_2_12_i686.manylinux2010_i686.manylinux_2_17_i686.manylinux2014_i686.whl", hash = "sha256:56d46e37e354b0ff53aa7db6348ffc052b39d1de10958c454d2209f9780f854c" },
	{ file = "ephem-4.1.3-cp38-cp38-manylinux_2_17_aarch64.manylinux2014_aarch64.whl", hash = "sha256:930ea6dd158630dead65c5188114c1d9dd50bf751548030c9b1ec87c275aac4e" },
	{ file = "ephem-4.1.3-cp38-cp38-manylinux_2_17_s390x.manylinux2014_s390x.whl", hash = "sha256:f2e7d52a5cf35c76c2ab5786f4d2001fc8a594c8ac4b343b3be769f4e39fdcb6" },
	{ file = "ephem-4.1.3-cp38-cp38-manylinux_2_17_x86_64.manylinux2014_x86_64.whl", hash = "sha256:3e2de3580e5da21c35842dc904d7dd9469f46d6fd90c7c1159081407c1f7d302" },
	{ file = "ephem-4.1.3-cp38-cp38-musllinux_1_1_aarch64.whl", hash = "sha256:1a2acf37062f16e7d2004734f2a2ebe9913bc6438ef906cf15c775c170371de1" },
	{ file = "ephem-4.1.3-cp38-cp38-musllinux_1_1_i686.whl", hash = "sha256:095df8ebce8f1d4f9fbcc03f986ff03d17d7d2e092a348bcf70d3c786665f26d" },
	{ file = "ephem-4.1.3-cp38-cp38-musllinux_1_1_s390x.whl", hash = "sha256:716389d59e61199d90d1ab798c920210df3a91786dfe8120bd1e8f1cb94ed58d" },
	{ file = "ephem-4.1.3-cp38-cp38-musllinux_1_1_x86_64.whl", hash = "sha256:59af6692282d333011f358dba0aa485f911551a29862e7814f985100cb458f97" },
	{ file = "ephem-4.1.3-cp38-cp38-win32.whl", hash = "sha256:a0c30759ce9d9aeb0ae9895d559cb70dfe2468441976ae2f969a55109991b635" },
	{ file = "ephem-4.1.3-cp38-cp38-win_amd64.whl", hash = "sha256:66b6372ecf711eaec600a665b77c63c7ea405f07c3d17dcb1909837ce38dc697" },
	{ file = "ephem-4.1.3-cp39-cp39-macosx_10_9_x86_64.whl", hash = "sha256:7cacb482b8332cdb2203ee6c08967d2904f0c15d7a3650c8f5fa21345a9e5d50" },
	{ file = "ephem-4.1.3-cp39-cp39-manylinux_2_12_i686.manylinux2010_i686.manylinux_2_17_i686.manylinux2014_i686.whl", hash = "sha256:16523b385eaa30dd22b1168934eb0018d7e375a77103ef5897ac6e28b9757de5" },
	{ file = "ephem-4.1.3-cp39-cp39-manylinux_2_17_aarch64.manylinux2014_aarch64.whl", hash = "sha256:12ea07382e6b83d3523031c11bb09b2295efe22baa6720d21330a1abf84f15b9" },
	{ file = "ephem-4.1.3-cp39-cp39-manylinux_2_17_s390x.manylinux2014_s390x.whl", hash = "sha256:b6d850458884baaa8b388c7b16e800b4442e0c5e1c12f70b7e7eb8585e320611" },
	{ file = "ephem-4.1.3-cp39-cp39-manylinux_2_17_x86_64.manylinux2014_x86_64.whl", hash = "sha256:8cec1d0b09b201f1ae066703baf7da69eb92bbef40d031e90a4f8b854e25b15d" },
	{ file = "ephem-4.1.3-cp39-cp39-musllinux_1_1_aarch64.whl", hash = "sha256:14e92281fe852daad9c01b573f09f56a1f2c121172b16028fab8d8790b322fb3" },
	{ file = "ephem-4.1.3-cp39-cp39-musllinux_1_1_i686.whl", hash = "sha256:d360b3b06ed691fee6047969391675c994e5f73e64a594a6c493f62e3d98886b" },
	{ file = "ephem-4.1.3-cp39-cp39-musllinux_1_1_s390x.whl", hash = "sha256:c43a4a4b18819c8980e3b0a38754abb16bd6aac7ef2426a489ccd4661a5b0918" },
	{ file = "ephem-4.1.3-cp39-cp39-musllinux_1_1_x86_64.whl", hash = "sha256:bc3cec17e6dab785c4a8bf3d2b166960009a76f8cba2b85afe97ca9b0e406812" },
	{ file = "ephem-4.1.3-cp39-cp39-win32.whl", hash = "sha256:4404f7c3f9684ede423e22774c28bd105e58c2d11b497ce4a38b33d9173c3c2a" },
	{ file = "ephem-4.1.3-cp39-cp39-win_amd64.whl", hash = "sha256:998088155eb9262988eea18d31d3e35a4f15b2691f26c8b1c01fae11f7bbd5e0" },
	{ file = "ephem-4.1.3.tar.gz", hash = "sha256:7fa18685981ba528edd504052a9d5212a09aa5bf15c11a734edc6a86e8a8b56a" },
]
idna = [
	{ file = "idna-3.3-py3-none-any.whl", hash = "sha256:84d9dd047ffa80596e0f246e2eab0b391788b0503584e8945f2368256d2735ff" },
	{ file = "idna-3.3.tar.gz", hash = "sha256:9d643ff0a55b762d5cdb124b8eaa99c66322e2157b69160bc32796e824360e6d" },
]
numpy = [
	{ file = "numpy-1.22.3-cp310-cp310-macosx_10_14_x86_64.whl", hash = "sha256:92bfa69cfbdf7dfc3040978ad09a48091143cffb778ec3b03fa170c494118d75" },
	{ file = "numpy-1.22.3-cp310-cp310-macosx_11_0_arm64.whl", hash = "sha256:8251ed96f38b47b4295b1ae51631de7ffa8260b5b087808ef09a39a9d66c97ab" },
	{ file = "numpy-1.22.3-cp310-cp310-manylinux_2_17_aarch64.manylinux2014_aarch64.whl", hash = "sha256:48a3aecd3b997bf452a2dedb11f4e79bc5bfd21a1d4cc760e703c31d57c84b3e" },
	{ file = "numpy-1.22.3-cp310-cp310-manylinux_2_17_x86_64.manylinux2014_x86_64.whl", hash = "sha256:a3bae1a2ed00e90b3ba5f7bd0a7c7999b55d609e0c54ceb2b076a25e345fa9f4" },
	{ file = "numpy-1.22.3-cp310-cp310-win32.whl", hash = "sha256:f950f8845b480cffe522913d35567e29dd381b0dc7e4ce6a4a9f9156417d2430" },
	{ file = "numpy-1.22.3-cp310-cp310-win_amd64.whl", hash = "sha256:08d9b008d0156c70dc392bb3ab3abb6e7a711383c3247b410b39962263576cd4" },
	{ file = "numpy-1.22.3-cp38-cp38-macosx_10_14_x86_64.whl", hash = "sha256:201b4d0552831f7250a08d3b38de0d989d6f6e4658b709a02a73c524ccc6ffce" },
	{ file = "numpy-1.22.3-cp38-cp38-macosx_11_0_arm64.whl", hash = "sha256:f8c1f39caad2c896bc0018f699882b345b2a63708008be29b1f355ebf6f933fe" },
	{ file = "numpy-1.22.3-cp38-cp38-manylinux_2_17_aarch64.manylinux2014_aarch64.whl", hash = "sha256:568dfd16224abddafb1cbcce2ff14f522abe037268514dd7e42c6776a1c3f8e5" },
	{ file = "numpy-1.22.3-cp38-cp38-manylinux_2_17_x86_64.manylinux2014_x86_64.whl", hash = "sha256:3ca688e1b9b95d80250bca34b11a05e389b1420d00e87a0d12dc45f131f704a1" },
	{ file = "numpy-1.22.3-cp38-cp38-win32.whl", hash = "sha256:e7927a589df200c5e23c57970bafbd0cd322459aa7b1ff73b7c2e84d6e3eae62" },
	{ file = "numpy-1.22.3-cp38-cp38-win_amd64.whl", hash = "sha256:07a8c89a04997625236c5ecb7afe35a02af3896c8aa01890a849913a2309c676" },
	{ file = "numpy-1.22.3-cp39-cp39-macosx_10_14_x86_64.whl", hash = "sha256:2c10a93606e0b4b95c9b04b77dc349b398fdfbda382d2a39ba5a822f669a0123" },
	{ file = "numpy-1.22.3-cp39-cp39-macosx_11_0_arm64.whl", hash = "sha256:fade0d4f4d292b6f39951b6836d7a3c7ef5b2347f3c420cd9820a1d90d794802" },
	{ file = "numpy-1.22.3-cp39-cp39-manylinux_2_17_aarch64.manylinux2014_aarch64.whl", hash = "sha256:5bfb1bb598e8229c2d5d48db1860bcf4311337864ea3efdbe1171fb0c5da515d" },
	{ file = "numpy-1.22.3-cp39-cp39-manylinux_2_17_x86_64.manylinux2014_x86_64.whl", hash = "sha256:97098b95aa4e418529099c26558eeb8486e66bd1e53a6b606d684d0c3616b168" },
	{ file = "numpy-1.22.3-cp39-cp39-win32.whl", hash = "sha256:fdf3c08bce27132395d3c3ba1503cac12e17282358cb4bddc25cc46b0aca07aa" },
	{ file = "numpy-1.22.3-cp39-cp39-win_amd64.whl", hash = "sha256:639b54cdf6aa4f82fe37ebf70401bbb74b8508fddcf4797f9fe59615b8c5813a" },
	{ file = "numpy-1.22.3-pp38-pypy38_pp73-manylinux_2_17_x86_64.manylinux2014_x86_64.whl", hash = "sha256:c34ea7e9d13a70bf2ab64a2532fe149a9aced424cd05a2c4ba662fd989e3e45f" },
	{ file = "numpy-1.22.3.zip", hash = "sha256:dbc7601a3b7472d559dc7b933b18b4b66f9aa7452c120e87dfb33d02008c8a18" },
]
pillow = [
	{ file = "Pillow-9.1.0-cp310-cp310-macosx_10_9_x86_64.whl", hash = "sha256:af79d3fde1fc2e33561166d62e3b63f0cc3e47b5a3a2e5fea40d4917754734ea" },
	{ file = "Pillow-9.1.0-cp310-cp310-macosx_11_0_arm64.whl", hash = "sha256:55dd1cf09a1fd7c7b78425967aacae9b0d70125f7d3ab973fadc7b5abc3de652" },
	{ file = "Pillow-9.1.0-cp310-cp310-manylinux_2_17_aarch64.manylinux2014_aarch64.whl", hash = "sha256:66822d01e82506a19407d1afc104c3fcea3b81d5eb11485e593ad6b8492f995a" },
	{ file = "Pillow-9.1.0-cp310-cp310-manylinux_2_17_i686.manylinux2014_i686.whl", hash = "sha256:a5eaf3b42df2bcda61c53a742ee2c6e63f777d0e085bbc6b2ab7ed57deb13db7" },
	{ file = "Pillow-9.1.0-cp310-cp310-manylinux_2_17_x86_64.manylinux2014_x86_64.whl", hash = "sha256:01ce45deec9df310cbbee11104bae1a2a43308dd9c317f99235b6d3080ddd66e" },
	{ file = "Pillow-9.1.0-cp310-cp310-musllinux_1_1_x86_64.whl", hash = "sha256:aea7ce61328e15943d7b9eaca87e81f7c62ff90f669116f857262e9da4057ba3" },
	{ file = "Pillow-9.1.0-cp310-cp310-win32.whl", hash = "sha256:7a053bd4d65a3294b153bdd7724dce864a1d548416a5ef61f6d03bf149205160" },
	{ file = "Pillow-9.1.0-cp310-cp310-win_amd64.whl", hash = "sha256:97bda660702a856c2c9e12ec26fc6d187631ddfd896ff685814ab21ef0597033" },
	{ file = "Pillow-9.1.0-cp37-cp37m-macosx_10_9_x86_64.whl", hash = "sha256:21dee8466b42912335151d24c1665fcf44dc2ee47e021d233a40c3ca5adae59c" },
	{ file = "Pillow-9.1.0-cp37-cp37m-manylinux_2_17_aarch64.manylinux2014_aarch64.whl", hash = "sha256:6b6d4050b208c8ff886fd3db6690bf04f9a48749d78b41b7a5bf24c236ab0165" },
	{ file = "Pillow-9.1.0-cp37-cp37m-manylinux_2_17_i686.manylinux2014_i686.whl", hash = "sha256:5cfca31ab4c13552a0f354c87fbd7f162a4fafd25e6b521bba93a57fe6a3700a" },
	{ file = "Pillow-9.1.0-cp37-cp37m-manylinux_2_17_x86_64.manylinux2014_x86_64.whl", hash = "sha256:ed742214068efa95e9844c2d9129e209ed63f61baa4d54dbf4cf8b5e2d30ccf2" },
	{ file = "Pillow-9.1.0-cp37-cp37m-win32.whl", hash = "sha256:c9efef876c21788366ea1f50ecb39d5d6f65febe25ad1d4c0b8dff98843ac244" },
	{ file = "Pillow-9.1.0-cp37-cp37m-win_amd64.whl", hash = "sha256:de344bcf6e2463bb25179d74d6e7989e375f906bcec8cb86edb8b12acbc7dfef" },
	{ file = "Pillow-9.1.0-cp38-cp38-macosx_10_9_x86_64.whl", hash = "sha256:17869489de2fce6c36690a0c721bd3db176194af5f39249c1ac56d0bb0fcc512" },
	{ file = "Pillow-9.1.0-cp38-cp38-macosx_11_0_arm64.whl", hash = "sha256:25023a6209a4d7c42154073144608c9a71d3512b648a2f5d4465182cb93d3477" },
	{ file = "Pillow-9.1.0-cp38-cp38-manylinux_2_17_aarch64.manylinux2014_aarch64.whl", hash = "sha256:8782189c796eff29dbb37dd87afa4ad4d40fc90b2742704f94812851b725964b" },
	{ file = "Pillow-9.1.0-cp38-cp38-manylinux_2_17_i686.manylinux2014_i686.whl", hash = "sha256:463acf531f5d0925ca55904fa668bb3461c3ef6bc779e1d6d8a488092bdee378" },
	{ file = "Pillow-9.1.0-cp38-cp38-manylinux_2_17_x86_64.manylinux2014_x86_64.whl", hash = "sha256:3f42364485bfdab19c1373b5cd62f7c5ab7cc052e19644862ec8f15bb8af289e" },
	{ file = "Pillow-9.1.0-cp38-cp38-musllinux_1_1_x86_64.whl", hash = "sha256:3fddcdb619ba04491e8f771636583a7cc5a5051cd193ff1aa1ee8616d2a692c5" },
	{ file = "Pillow-9.1.0-cp38-cp38-win32.whl", hash = "sha256:4fe29a070de394e449fd88ebe1624d1e2d7ddeed4c12e0b31624561b58948d9a" },
	{ file = "Pillow-9.1.0-cp38-cp38-win_amd64.whl", hash = "sha256:c24f718f9dd73bb2b31a6201e6db5ea4a61fdd1d1c200f43ee585fc6dcd21b34" },
	{ file = "Pillow-9.1.0-cp39-cp39-macosx_10_9_x86_64.whl", hash = "sha256:fb89397013cf302f282f0fc998bb7abf11d49dcff72c8ecb320f76ea6e2c5717" },
	{ file = "Pillow-9.1.0-cp39-cp39-macosx_11_0_arm64.whl", hash = "sha256:c870193cce4b76713a2b29be5d8327c8ccbe0d4a49bc22968aa1e680930f5581" },
	{ file = "Pillow-9.1.0-cp39-cp39-manylinux_2_17_aarch64.manylinux2014_aarch64.whl", hash = "sha256:69e5ddc609230d4408277af135c5b5c8fe7a54b2bdb8ad7c5100b86b3aab04c6" },
	{ file = "Pillow-9.1.0-cp39-cp39-manylinux_2_17_i686.manylinux2014_i686.whl", hash = "sha256:35be4a9f65441d9982240e6966c1eaa1c654c4e5e931eaf580130409e31804d4" },
	{ file = "Pillow-9.1.0-cp39-cp39-manylinux_2_17_x86_64.manylinux2014_x86_64.whl", hash = "sha256:82283af99c1c3a5ba1da44c67296d5aad19f11c535b551a5ae55328a317ce331" },
	{ file = "Pillow-9.1.0-cp39-cp39-musllinux_1_1_x86_64.whl", hash = "sha256:a325ac71914c5c043fa50441b36606e64a10cd262de12f7a179620f579752ff8" },
	{ file = "Pillow-9.1.0-cp39-cp39-win32.whl", hash = "sha256:a598d8830f6ef5501002ae85c7dbfcd9c27cc4efc02a1989369303ba85573e58" },
	{ file = "Pillow-9.1.0-cp39-cp39-win_amd64.whl", hash = "sha256:0c51cb9edac8a5abd069fd0758ac0a8bfe52c261ee0e330f363548aca6893595" },
	{ file = "Pillow-9.1.0-pp37-pypy37_pp73-macosx_10_9_x86_64.whl", hash = "sha256:a336a4f74baf67e26f3acc4d61c913e378e931817cd1e2ef4dfb79d3e051b481" },
	{ file = "Pillow-9.1.0-pp37-pypy37_pp73-manylinux_2_17_i686.manylinux2014_i686.whl", hash = "sha256:eb1b89b11256b5b6cad5e7593f9061ac4624f7651f7a8eb4dfa37caa1dfaa4d0" },
	{ file = "Pillow-9.1.0-pp37-pypy37_pp73-manylinux_2_17_x86_64.manylinux2014_x86_64.whl", hash = "sha256:255c9d69754a4c90b0ee484967fc8818c7ff8311c6dddcc43a4340e10cd1636a" },
	{ file = "Pillow-9.1.0-pp38-pypy38_pp73-macosx_10_9_x86_64.whl", hash = "sha256:5a3ecc026ea0e14d0ad7cd990ea7f48bfcb3eb4271034657dc9d06933c6629a7" },
	{ file = "Pillow-9.1.0-pp38-pypy38_pp73-manylinux_2_17_i686.manylinux2014_i686.whl", hash = "sha256:c5b0ff59785d93b3437c3703e3c64c178aabada51dea2a7f2c5eccf1bcf565a3" },
	{ file = "Pillow-9.1.0-pp38-pypy38_pp73-manylinux_2_17_x86_64.manylinux2014_x86_64.whl", hash = "sha256:c7110ec1701b0bf8df569a7592a196c9d07c764a0a74f65471ea56816f10e2c8" },
	{ file = "Pillow-9.1.0-pp38-pypy38_pp73-win_amd64.whl", hash = "sha256:8d79c6f468215d1a8415aa53d9868a6b40c4682165b8cb62a221b1baa47db458" },
	{ file = "Pillow-9.1.0.tar.gz", hash = "sha256:f401ed2bbb155e1ade150ccc63db1a4f6c1909d3d378f7d1235a44e90d75fb97" },
]
pylunar = []
pyobjc-core = [
	{ file = "pyobjc-core-8.4.1.tar.gz", hash = "sha256:df98669e957adb33566d9ef46773a5ac876a81afe8849c282d6a80448e35dd74" },
	{ file = "pyobjc_core-8.4.1-cp310-cp310-macosx_10_9_universal2.whl", hash = "sha256:9a89cac910fbd64728fe7ec0c7a3a7cf20959bc1d7e2f41db4d7800556e47745" },
	{ file = "pyobjc_core-8.4.1-cp36-cp36m-macosx_10_9_x86_64.whl", hash = "sha256:2cf1d4348cb99fcba04fa38199a46e35263b2fe7bb66e6dfbd4f19bc2602998d" },
	{ file = "pyobjc_core-8.4.1-cp37-cp37m-macosx_10_9_x86_64.whl", hash = "sha256:a130324b25c0f5f4cfe30b6a28b8e70865d6e1eee158caababb603906ef431d2" },
	{ file = "pyobjc_core-8.4.1-cp38-cp38-macosx_10_9_x86_64.whl", hash = "sha256:c31195d1a8f00da99abf79643f902d09c709dbbe9c9b6feb6b585303c57d720c" },
	{ file = "pyobjc_core-8.4.1-cp38-cp38-macosx_11_0_universal2.whl", hash = "sha256:e7fd2aefb53a96a8f688c8bb36c6ebd5446250a7251bfa6b688a045e05afc60b" },
	{ file = "pyobjc_core-8.4.1-cp39-cp39-macosx_10_9_universal2.whl", hash = "sha256:b3191173ce268e23c84d84f036fc94c3a8749a6726fc7fe73baf27dbac14f7d0" },
]
pyobjc-framework-cocoa = [
	{ file = "pyobjc-framework-Cocoa-8.4.1.tar.gz", hash = "sha256:dc596bac0f5d424f67944e95b2d0d7c94a07c4166359d7b4a4d4ae4f8e112822" },
	{ file = "pyobjc_framework_Cocoa-8.4.1-cp310-cp310-macosx_10_9_universal2.whl", hash = "sha256:cfbe038a0108ae1b45f8f7067af70af5811b8352d2dc3d86a7bcb4484ff5d56e" },
	{ file = "pyobjc_framework_Cocoa-8.4.1-cp36-cp36m-macosx_10_9_x86_64.whl", hash = "sha256:118225562064d991bafb41d0913899d6b3d723984d1888cb7181e4dba63b22c2" },
	{ file = "pyobjc_framework_Cocoa-8.4.1-cp37-cp37m-macosx_10_9_x86_64.whl", hash = "sha256:d117a1eb24fd317e9f63792ac6a8703ed899de5d42e8a861c7bf885625668c31" },
	{ file = "pyobjc_framework_Cocoa-8.4.1-cp38-cp38-macosx_10_9_x86_64.whl", hash = "sha256:3af8577acbd6b980d3b9270ec99bc0164f66ef8397351a72fcdee527f23c1a34" },
	{ file = "pyobjc_framework_Cocoa-8.4.1-cp38-cp38-macosx_11_0_universal2.whl", hash = "sha256:91fdc964acb4dee4d37ae81fb603d48397739dbbfcc1eadbe0cdafaa8144b6e6" },
	{ file = "pyobjc_framework_Cocoa-8.4.1-cp39-cp39-macosx_10_9_universal2.whl", hash = "sha256:197dd28668e786b55d7d4139afd85c285f780564ebbccc166e84a24be31de34f" },
]
pyobjc-framework-corebluetooth = [
	{ file = "pyobjc-framework-CoreBluetooth-8.4.1.tar.gz", hash = "sha256:3abe3883288da3989be1d877078ccd4ece2776e40f9fb52686855266ac739c05" },
	{ file = "pyobjc_framework_CoreBluetooth-8.4.1-cp36-abi3-macosx_10_9_universal2.whl", hash = "sha256:07d60a0a36da1cbde20ac14771318e9eb3236609419b0d10b280f2e49b866092" },
	{ file = "pyobjc_framework_CoreBluetooth-8.4.1-cp36-abi3-macosx_10_9_x86_64.whl", hash = "sha256:f7be2e86a72764a305403b5ae2b96a4172db1795d4bd568e66d9ebdda3b3fcae" },
	{ file = "pyobjc_framework_CoreBluetooth-8.4.1-cp36-abi3-macosx_11_0_universal2.whl", hash = "sha256:eeae1555eb85bfee06ee2cfb312dbbaf42f51fc24958b3747657212d95b825f5" },
]
pyobjc-framework-libdispatch = [
	{ file = "pyobjc-framework-libdispatch-8.4.1.tar.gz", hash = "sha256:5bba16fe67febbb9a84108c0bbff97dd4730dfbcef01dc26f73d58377280e143" },
	{ file = "pyobjc_framework_libdispatch-8.4.1-cp310-cp310-macosx_10_9_universal2.whl", hash = "sha256:5eb83a7e3032db64390de96abf8568244a915afa468facc56021c5dbda32f7a0" },
	{ file = "pyobjc_framework_libdispatch-8.4.1-cp36-cp36m-macosx_10_9_x86_64.whl", hash = "sha256:78d828352481d61a482f829da9feb9b931ae1e921929a4de5265806d1fd5284f" },
	{ file = "pyobjc_framework_libdispatch-8.4.1-cp37-cp37m-macosx_10_9_x86_64.whl", hash = "sha256:3f514732473b9813ab760cb5fccce01782a5c37e0add29dc5f79563e3c9dbc06" },
	{ file = "pyobjc_framework_libdispatch-8.4.1-cp38-cp38-macosx_10_9_x86_64.whl", hash = "sha256:9604007a6c73519fec1da87e65a5f0653fb0a7edefbf240b13d9d5fe5f305316" },
	{ file = "pyobjc_framework_libdispatch-8.4.1-cp38-cp38-macosx_11_0_universal2.whl", hash = "sha256:1b209d2803073973800daaf8ae4bbbcd8389dcc36973c01b90acd2c73d30344f" },
	{ file = "pyobjc_framework_libdispatch-8.4.1-cp39-cp39-macosx_10_9_universal2.whl", hash = "sha256:f88b5615738bf88d21acfbee9423ee350d47402b05d9dd8ce3b8057ab7c0d6e9" },
]
pyside2 = [
	{ file = "PySide2-5.15.2.1-5.15.2-cp27-cp27m-macosx_10_13_intel.whl", hash = "sha256:b5e1d92f26b0bbaefff67727ccbb2e1b577f2c0164b349b3d6e80febb4c5bde2" },
	{ file = "PySide2-5.15.2.1-5.15.2-cp27-cp27mu-manylinux1_x86_64.whl", hash = "sha256:235240b6ec8206d9fdf0232472c6ef3241783d480425e5b54796f06e39ed23da" },
	{ file = "PySide2-5.15.2.1-5.15.2-cp35.cp36.cp37.cp38.cp39.cp310-abi3-macosx_10_13_intel.whl", hash = "sha256:a9e2e6bbcb5d2ebb421e46e72244a0f4fe0943b2288115f80a863aacc1de1f06" },
	{ file = "PySide2-5.15.2.1-5.15.2-cp35.cp36.cp37.cp38.cp39.cp310-abi3-manylinux1_x86_64.whl", hash = "sha256:23886c6391ebd916e835fa1b5ae66938048504fd3a2934ae3189a96cd5ac0b46" },
	{ file = "PySide2-5.15.2.1-5.15.2-cp35.cp36.cp37.cp38.cp39.cp310-none-win32.whl", hash = "sha256:439509e53cfe05abbf9a99422a2cbad086408b0f9bf5e6f642ff1b13b1f8b055" },
	{ file = "PySide2-5.15.2.1-5.15.2-cp35.cp36.cp37.cp38.cp39.cp310-none-win_amd64.whl", hash = "sha256:af6b263fe63ba6dea7eaebae80aa7b291491fe66f4f0057c0aafe780cc83da9d" },
]
pyside6 = [
	{ file = "PySide6-6.2.4-6.2.4-cp36.cp37.cp38.cp39.cp310-abi3-macosx_10_14_universal2.whl", hash = "sha256:d18f4d5ad2d4921dbb47166d3fce11a2eca1c83b670e210f983d60871d2e6bdb" },
	{ file = "PySide6-6.2.4-6.2.4-cp36.cp37.cp38.cp39.cp310-abi3-manylinux1_x86_64.whl", hash = "sha256:4656853a34bea096bb0a1f74e22607f99cca6e68d55a4f86a73770c5ec74565e" },
	{ file = "PySide6-6.2.4-6.2.4-cp36.cp37.cp38.cp39.cp310-none-win_amd64.whl", hash = "sha256:5e79a476fe05f303c1aadf6be7d31c486e6064319393ad1519f1f3f114296571" },
]
pysolar = [
	{ file = "pysolar-0.10-py3-none-any.whl", hash = "sha256:99aa506d4eba41a83308a6772779ffcafcbe8afa595e80b8eafb1ed85b561446" },
	{ file = "pysolar-0.10.tar.gz", hash = "sha256:ee6fa85f5f1f3cc2d2596f474c2dfa22a9e37bd3e9c0f03cc28005a7e2953048" },
]
python-dateutil = [
	{ file = "python-dateutil-2.8.2.tar.gz", hash = "sha256:0123cacc1627ae19ddf3c27a5de5bd67ee4586fbdd6440d9748f8abb483d3e86" },
	{ file = "python_dateutil-2.8.2-py2.py3-none-any.whl", hash = "sha256:961d03dc3453ebbc59dbdea9e4e11c5651520a876d0f4db161e8674aae935da9" },
]
pytz = [
	{ file = "pytz-2022.1-py2.py3-none-any.whl", hash = "sha256:e68985985296d9a66a881eb3193b0906246245294a881e7c8afe623866ac6a5c" },
	{ file = "pytz-2022.1.tar.gz", hash = "sha256:1e760e2fe6a8163bc0b3d9a19c4f84342afa0a2affebfaa84b01b978a02ecaa7" },
]
pyyaml = [
	{ file = "PyYAML-6.0-cp310-cp310-macosx_10_9_x86_64.whl", hash = "sha256:d4db7c7aef085872ef65a8fd7d6d09a14ae91f691dec3e87ee5ee0539d516f53" },
	{ file = "PyYAML-6.0-cp310-cp310-macosx_11_0_arm64.whl", hash = "sha256:9df7ed3b3d2e0ecfe09e14741b857df43adb5a3ddadc919a2d94fbdf78fea53c" },
	{ file = "PyYAML-6.0-cp310-cp310-manylinux_2_17_aarch64.manylinux2014_aarch64.whl", hash = "sha256:77f396e6ef4c73fdc33a9157446466f1cff553d979bd00ecb64385760c6babdc" },
	{ file = "PyYAML-6.0-cp310-cp310-manylinux_2_17_s390x.manylinux2014_s390x.whl", hash = "sha256:a80a78046a72361de73f8f395f1f1e49f956c6be882eed58505a15f3e430962b" },
	{ file = "PyYAML-6.0-cp310-cp310-manylinux_2_5_x86_64.manylinux1_x86_64.manylinux_2_12_x86_64.manylinux2010_x86_64.whl", hash = "sha256:f84fbc98b019fef2ee9a1cb3ce93e3187a6df0b2538a651bfb890254ba9f90b5" },
	{ file = "PyYAML-6.0-cp310-cp310-win32.whl", hash = "sha256:2cd5df3de48857ed0544b34e2d40e9fac445930039f3cfe4bcc592a1f836d513" },
	{ file = "PyYAML-6.0-cp310-cp310-win_amd64.whl", hash = "sha256:daf496c58a8c52083df09b80c860005194014c3698698d1a57cbcfa182142a3a" },
	{ file = "PyYAML-6.0-cp36-cp36m-macosx_10_9_x86_64.whl", hash = "sha256:897b80890765f037df3403d22bab41627ca8811ae55e9a722fd0392850ec4d86" },
	{ file = "PyYAML-6.0-cp36-cp36m-manylinux_2_17_aarch64.manylinux2014_aarch64.whl", hash = "sha256:50602afada6d6cbfad699b0c7bb50d5ccffa7e46a3d738092afddc1f9758427f" },
	{ file = "PyYAML-6.0-cp36-cp36m-manylinux_2_17_s390x.manylinux2014_s390x.whl", hash = "sha256:48c346915c114f5fdb3ead70312bd042a953a8ce5c7106d5bfb1a5254e47da92" },
	{ file = "PyYAML-6.0-cp36-cp36m-manylinux_2_5_x86_64.manylinux1_x86_64.manylinux_2_12_x86_64.manylinux2010_x86_64.whl", hash = "sha256:98c4d36e99714e55cfbaaee6dd5badbc9a1ec339ebfc3b1f52e293aee6bb71a4" },
	{ file = "PyYAML-6.0-cp36-cp36m-win32.whl", hash = "sha256:0283c35a6a9fbf047493e3a0ce8d79ef5030852c51e9d911a27badfde0605293" },
	{ file = "PyYAML-6.0-cp36-cp36m-win_amd64.whl", hash = "sha256:07751360502caac1c067a8132d150cf3d61339af5691fe9e87803040dbc5db57" },
	{ file = "PyYAML-6.0-cp37-cp37m-macosx_10_9_x86_64.whl", hash = "sha256:819b3830a1543db06c4d4b865e70ded25be52a2e0631ccd2f6a47a2822f2fd7c" },
	{ file = "PyYAML-6.0-cp37-cp37m-manylinux_2_17_aarch64.manylinux2014_aarch64.whl", hash = "sha256:473f9edb243cb1935ab5a084eb238d842fb8f404ed2193a915d1784b5a6b5fc0" },
	{ file = "PyYAML-6.0-cp37-cp37m-manylinux_2_17_s390x.manylinux2014_s390x.whl", hash = "sha256:0ce82d761c532fe4ec3f87fc45688bdd3a4c1dc5e0b4a19814b9009a29baefd4" },
	{ file = "PyYAML-6.0-cp37-cp37m-manylinux_2_5_x86_64.manylinux1_x86_64.manylinux_2_12_x86_64.manylinux2010_x86_64.whl", hash = "sha256:231710d57adfd809ef5d34183b8ed1eeae3f76459c18fb4a0b373ad56bedcdd9" },
	{ file = "PyYAML-6.0-cp37-cp37m-win32.whl", hash = "sha256:c5687b8d43cf58545ade1fe3e055f70eac7a5a1a0bf42824308d868289a95737" },
	{ file = "PyYAML-6.0-cp37-cp37m-win_amd64.whl", hash = "sha256:d15a181d1ecd0d4270dc32edb46f7cb7733c7c508857278d3d378d14d606db2d" },
	{ file = "PyYAML-6.0-cp38-cp38-macosx_10_9_x86_64.whl", hash = "sha256:0b4624f379dab24d3725ffde76559cff63d9ec94e1736b556dacdfebe5ab6d4b" },
	{ file = "PyYAML-6.0-cp38-cp38-manylinux_2_17_aarch64.manylinux2014_aarch64.whl", hash = "sha256:213c60cd50106436cc818accf5baa1aba61c0189ff610f64f4a3e8c6726218ba" },
	{ file = "PyYAML-6.0-cp38-cp38-manylinux_2_17_s390x.manylinux2014_s390x.whl", hash = "sha256:9fa600030013c4de8165339db93d182b9431076eb98eb40ee068700c9c813e34" },
	{ file = "PyYAML-6.0-cp38-cp38-manylinux_2_5_x86_64.manylinux1_x86_64.manylinux_2_12_x86_64.manylinux2010_x86_64.whl", hash = "sha256:277a0ef2981ca40581a47093e9e2d13b3f1fbbeffae064c1d21bfceba2030287" },
	{ file = "PyYAML-6.0-cp38-cp38-win32.whl", hash = "sha256:d4eccecf9adf6fbcc6861a38015c2a64f38b9d94838ac1810a9023a0609e1b78" },
	{ file = "PyYAML-6.0-cp38-cp38-win_amd64.whl", hash = "sha256:1e4747bc279b4f613a09eb64bba2ba602d8a6664c6ce6396a4d0cd413a50ce07" },
	{ file = "PyYAML-6.0-cp39-cp39-macosx_10_9_x86_64.whl", hash = "sha256:055d937d65826939cb044fc8c9b08889e8c743fdc6a32b33e2390f66013e449b" },
	{ file = "PyYAML-6.0-cp39-cp39-macosx_11_0_arm64.whl", hash = "sha256:e61ceaab6f49fb8bdfaa0f92c4b57bcfbea54c09277b1b4f7ac376bfb7a7c174" },
	{ file = "PyYAML-6.0-cp39-cp39-manylinux_2_17_aarch64.manylinux2014_aarch64.whl", hash = "sha256:d67d839ede4ed1b28a4e8909735fc992a923cdb84e618544973d7dfc71540803" },
	{ file = "PyYAML-6.0-cp39-cp39-manylinux_2_17_s390x.manylinux2014_s390x.whl", hash = "sha256:cba8c411ef271aa037d7357a2bc8f9ee8b58b9965831d9e51baf703280dc73d3" },
	{ file = "PyYAML-6.0-cp39-cp39-manylinux_2_5_x86_64.manylinux1_x86_64.manylinux_2_12_x86_64.manylinux2010_x86_64.whl", hash = "sha256:40527857252b61eacd1d9af500c3337ba8deb8fc298940291486c465c8b46ec0" },
	{ file = "PyYAML-6.0-cp39-cp39-win32.whl", hash = "sha256:b5b9eccad747aabaaffbc6064800670f0c297e52c12754eb1d976c57e4f74dcb" },
	{ file = "PyYAML-6.0-cp39-cp39-win_amd64.whl", hash = "sha256:b3d267842bf12586ba6c734f89d1f5b871df0273157918b0ccefa29deb05c21c" },
	{ file = "PyYAML-6.0.tar.gz", hash = "sha256:68fb519c14306fec9720a2a5b45bc9f0c8d1b9c72adf45c37baedfcd949c35a2" },
]
qasync = [
	{ file = "qasync-0.23.0-py3-none-any.whl", hash = "sha256:7968d3485678d2ebcb5d6cdfdd36515425a02062ca9db7bb2e0e6bd1aaad6ec1" },
	{ file = "qasync-0.23.0.tar.gz", hash = "sha256:8965ec313e0107148d98e8ac1e77a77dce74de3cd97055a1aa62d513a3793a14" },
]
requests = [
	{ file = "requests-2.27.1-py2.py3-none-any.whl", hash = "sha256:f22fa1e554c9ddfd16e6e41ac79759e17be9e492b3587efa038054674760e72d" },
	{ file = "requests-2.27.1.tar.gz", hash = "sha256:68d7c56fd5a8999887728ef304a6d12edc7be74f1cfa47714fc8b414525c9a61" },
]
scipy = [
	{ file = "scipy-1.8.0-cp310-cp310-macosx_10_9_x86_64.whl", hash = "sha256:87b01c7d5761e8a266a0fbdb9d88dcba0910d63c1c671bdb4d99d29f469e9e03" },
	{ file = "scipy-1.8.0-cp310-cp310-macosx_12_0_arm64.whl", hash = "sha256:ae3e327da323d82e918e593460e23babdce40d7ab21490ddf9fc06dec6b91a18" },
	{ file = "scipy-1.8.0-cp310-cp310-macosx_12_0_universal2.macosx_10_9_x86_64.whl", hash = "sha256:16e09ef68b352d73befa8bcaf3ebe25d3941fe1a58c82909d5589856e6bc8174" },
	{ file = "scipy-1.8.0-cp310-cp310-manylinux_2_17_aarch64.manylinux2014_aarch64.whl", hash = "sha256:c17a1878d00a5dd2797ccd73623ceca9d02375328f6218ee6d921e1325e61aff" },
	{ file = "scipy-1.8.0-cp310-cp310-manylinux_2_17_x86_64.manylinux2014_x86_64.whl", hash = "sha256:937d28722f13302febde29847bbe554b89073fbb924a30475e5ed7b028898b5f" },
	{ file = "scipy-1.8.0-cp310-cp310-win_amd64.whl", hash = "sha256:8f4d059a97b29c91afad46b1737274cb282357a305a80bdd9e8adf3b0ca6a3f0" },
	{ file = "scipy-1.8.0-cp38-cp38-macosx_10_9_x86_64.whl", hash = "sha256:38aa39b6724cb65271e469013aeb6f2ce66fd44f093e241c28a9c6bc64fd79ed" },
	{ file = "scipy-1.8.0-cp38-cp38-macosx_12_0_arm64.whl", hash = "sha256:559a8a4c03a5ba9fe3232f39ed24f86457e4f3f6c0abbeae1fb945029f092720" },
	{ file = "scipy-1.8.0-cp38-cp38-macosx_12_0_universal2.macosx_10_9_x86_64.whl", hash = "sha256:f4a6d3b9f9797eb2d43938ac2c5d96d02aed17ef170c8b38f11798717523ddba" },
	{ file = "scipy-1.8.0-cp38-cp38-manylinux_2_12_i686.manylinux2010_i686.whl", hash = "sha256:92b2c2af4183ed09afb595709a8ef5783b2baf7f41e26ece24e1329c109691a7" },
	{ file = "scipy-1.8.0-cp38-cp38-manylinux_2_17_aarch64.manylinux2014_aarch64.whl", hash = "sha256:a279e27c7f4566ef18bab1b1e2c37d168e365080974758d107e7d237d3f0f484" },
	{ file = "scipy-1.8.0-cp38-cp38-manylinux_2_17_x86_64.manylinux2014_x86_64.whl", hash = "sha256:ad5be4039147c808e64f99c0e8a9641eb5d2fa079ff5894dcd8240e94e347af4" },
	{ file = "scipy-1.8.0-cp38-cp38-win32.whl", hash = "sha256:3d9dd6c8b93a22bf9a3a52d1327aca7e092b1299fb3afc4f89e8eba381be7b59" },
	{ file = "scipy-1.8.0-cp38-cp38-win_amd64.whl", hash = "sha256:5e73343c5e0d413c1f937302b2e04fb07872f5843041bcfd50699aef6e95e399" },
	{ file = "scipy-1.8.0-cp39-cp39-macosx_10_9_x86_64.whl", hash = "sha256:de2e80ee1d925984c2504812a310841c241791c5279352be4707cdcd7c255039" },
	{ file = "scipy-1.8.0-cp39-cp39-macosx_12_0_arm64.whl", hash = "sha256:c2bae431d127bf0b1da81fc24e4bba0a84d058e3a96b9dd6475dfcb3c5e8761e" },
	{ file = "scipy-1.8.0-cp39-cp39-macosx_12_0_universal2.macosx_10_9_x86_64.whl", hash = "sha256:723b9f878095ed994756fa4ee3060c450e2db0139c5ba248ee3f9628bd64e735" },
	{ file = "scipy-1.8.0-cp39-cp39-manylinux_2_12_i686.manylinux2010_i686.whl", hash = "sha256:011d4386b53b933142f58a652aa0f149c9b9242abd4f900b9f4ea5fbafc86b89" },
	{ file = "scipy-1.8.0-cp39-cp39-manylinux_2_17_aarch64.manylinux2014_aarch64.whl", hash = "sha256:e6f0cd9c0bd374ef834ee1e0f0999678d49dcc400ea6209113d81528958f97c7" },
	{ file = "scipy-1.8.0-cp39-cp39-manylinux_2_17_x86_64.manylinux2014_x86_64.whl", hash = "sha256:f3720d0124aced49f6f2198a6900304411dbbeed12f56951d7c66ebef05e3df6" },
	{ file = "scipy-1.8.0-cp39-cp39-win32.whl", hash = "sha256:3d573228c10a3a8c32b9037be982e6440e411b443a6267b067cac72f690b8d56" },
	{ file = "scipy-1.8.0-cp39-cp39-win_amd64.whl", hash = "sha256:bb7088e89cd751acf66195d2f00cf009a1ea113f3019664032d9075b1e727b6c" },
	{ file = "scipy-1.8.0.tar.gz", hash = "sha256:31d4f2d6b724bc9a98e527b5849b8a7e589bf1ea630c33aa563eda912c9ff0bd" },
]
shiboken2 = [
	{ file = "shiboken2-5.15.2.1-5.15.2-cp27-cp27m-macosx_10_13_intel.whl", hash = "sha256:f890f5611ab8f48b88cfecb716da2ac55aef99e2923198cefcf781842888ea65" },
	{ file = "shiboken2-5.15.2.1-5.15.2-cp27-cp27mu-manylinux1_x86_64.whl", hash = "sha256:87079c07587859a525b9800d60b1be971338ce9b371d6ead81f15ee5a46d448b" },
	{ file = "shiboken2-5.15.2.1-5.15.2-cp35.cp36.cp37.cp38.cp39.cp310-abi3-macosx_10_13_intel.whl", hash = "sha256:ffd3d0ec3d508e592d7ee3885d27fee1f279a49989f734eb130f46d9501273a9" },
	{ file = "shiboken2-5.15.2.1-5.15.2-cp35.cp36.cp37.cp38.cp39.cp310-abi3-manylinux1_x86_64.whl", hash = "sha256:63debfcc531b6a2b4985aa9b71433d2ad3bac542acffc729cc0ecaa3854390c0" },
	{ file = "shiboken2-5.15.2.1-5.15.2-cp35.cp36.cp37.cp38.cp39.cp310-none-win32.whl", hash = "sha256:eb0da44b6fa60c6bd317b8f219e500595e94e0322b33ec5b4e9f406bedaee555" },
	{ file = "shiboken2-5.15.2.1-5.15.2-cp35.cp36.cp37.cp38.cp39.cp310-none-win_amd64.whl", hash = "sha256:a0d0fdeb12b72c8af349b9642ccc67afd783dca449309f45e78cda50272fd6b7" },
]
shiboken6 = [
	{ file = "shiboken6-6.2.4-6.2.4-cp36.cp37.cp38.cp39.cp310-abi3-macosx_10_14_universal2.whl", hash = "sha256:5030b6314ef504cc5d93d272aaef4e0ccb256324caa2de965c88d32c994d98b2" },
	{ file = "shiboken6-6.2.4-6.2.4-cp36.cp37.cp38.cp39.cp310-abi3-manylinux1_x86_64.whl", hash = "sha256:05f4652dda7043b1a04265cabc1709c22d643d204fac2c4b0ccf7d0044092c62" },
	{ file = "shiboken6-6.2.4-6.2.4-cp36.cp37.cp38.cp39.cp310-none-win_amd64.whl", hash = "sha256:8eb2ed2ba8ec3f6505cf80b81c7e85d996165a9e4664f99675ecc8a82b7b3c36" },
]
six = [
	{ file = "six-1.16.0-py2.py3-none-any.whl", hash = "sha256:8abb2f1d86890a2dfb989f9a77cfcfd3e47c2a354b01111771326f8aa26e0254" },
	{ file = "six-1.16.0.tar.gz", hash = "sha256:1e61c37477a1626458e36f7b1d82aa5c9b094fa4802892072e49de9c60c4c926" },
]
urllib3 = [
	{ file = "urllib3-1.26.9-py2.py3-none-any.whl", hash = "sha256:44ece4d53fb1706f667c9bd1c648f5469a2ec925fcf3a776667042d645472c14" },
	{ file = "urllib3-1.26.9.tar.gz", hash = "sha256:aabaf16477806a5e1dd19aa41f8c2b7950dd3c746362d7e3223dbe6de6ac448e" },
]
WeatherUnits = [
	{ file = "WeatherUnits-0.4-py2.py3-none-any.whl", hash = "sha256:bb58ddd5163175dad6ff96802b9b826b57f5a1c2c2be33a343130270249040f2" },
]
